// !$*UTF8*$!
{
	archiveVersion = 1;
	classes = {
	};
	objectVersion = 50;
	objects = {

/* Begin PBXBuildFile section */
		C0FE53EF2285149300CFBC94 /* AppDelegate.m in Sources */ = {isa = PBXBuildFile; fileRef = C0FE53EE2285149300CFBC94 /* AppDelegate.m */; };
		C0FE53F22285149300CFBC94 /* ViewController.m in Sources */ = {isa = PBXBuildFile; fileRef = C0FE53F12285149300CFBC94 /* ViewController.m */; };
		C0FE53F52285149300CFBC94 /* Main.storyboard in Resources */ = {isa = PBXBuildFile; fileRef = C0FE53F32285149300CFBC94 /* Main.storyboard */; };
		C0FE53F72285149400CFBC94 /* Assets.xcassets in Resources */ = {isa = PBXBuildFile; fileRef = C0FE53F62285149400CFBC94 /* Assets.xcassets */; };
		C0FE53FA2285149400CFBC94 /* LaunchScreen.storyboard in Resources */ = {isa = PBXBuildFile; fileRef = C0FE53F82285149400CFBC94 /* LaunchScreen.storyboard */; };
		C0FE53FD2285149400CFBC94 /* main.m in Sources */ = {isa = PBXBuildFile; fileRef = C0FE53FC2285149400CFBC94 /* main.m */; };
		C0FE54072285149400CFBC94 /* AnimationTests.m in Sources */ = {isa = PBXBuildFile; fileRef = C0FE54062285149400CFBC94 /* AnimationTests.m */; };
		C0FE54122285149400CFBC94 /* AnimationUITests.m in Sources */ = {isa = PBXBuildFile; fileRef = C0FE54112285149400CFBC94 /* AnimationUITests.m */; };
/* End PBXBuildFile section */

/* Begin PBXContainerItemProxy section */
		C0FE54032285149400CFBC94 /* PBXContainerItemProxy */ = {
			isa = PBXContainerItemProxy;
			containerPortal = C0FE53E22285149300CFBC94 /* Project object */;
			proxyType = 1;
			remoteGlobalIDString = C0FE53E92285149300CFBC94;
			remoteInfo = Animation;
		};
		C0FE540E2285149400CFBC94 /* PBXContainerItemProxy */ = {
			isa = PBXContainerItemProxy;
			containerPortal = C0FE53E22285149300CFBC94 /* Project object */;
			proxyType = 1;
			remoteGlobalIDString = C0FE53E92285149300CFBC94;
			remoteInfo = Animation;
		};
/* End PBXContainerItemProxy section */

/* Begin PBXFileReference section */
		C0FE53EA2285149300CFBC94 /* Animation.app */ = {isa = PBXFileReference; explicitFileType = wrapper.application; includeInIndex = 0; path = Animation.app; sourceTree = BUILT_PRODUCTS_DIR; };
		C0FE53ED2285149300CFBC94 /* AppDelegate.h */ = {isa = PBXFileReference; lastKnownFileType = sourcecode.c.h; path = AppDelegate.h; sourceTree = "<group>"; };
		C0FE53EE2285149300CFBC94 /* AppDelegate.m */ = {isa = PBXFileReference; lastKnownFileType = sourcecode.c.objc; path = AppDelegate.m; sourceTree = "<group>"; };
		C0FE53F02285149300CFBC94 /* ViewController.h */ = {isa = PBXFileReference; lastKnownFileType = sourcecode.c.h; path = ViewController.h; sourceTree = "<group>"; };
		C0FE53F12285149300CFBC94 /* ViewController.m */ = {isa = PBXFileReference; lastKnownFileType = sourcecode.c.objc; path = ViewController.m; sourceTree = "<group>"; };
		C0FE53F42285149300CFBC94 /* Base */ = {isa = PBXFileReference; lastKnownFileType = file.storyboard; name = Base; path = Base.lproj/Main.storyboard; sourceTree = "<group>"; };
		C0FE53F62285149400CFBC94 /* Assets.xcassets */ = {isa = PBXFileReference; lastKnownFileType = folder.assetcatalog; path = Assets.xcassets; sourceTree = "<group>"; };
		C0FE53F92285149400CFBC94 /* Base */ = {isa = PBXFileReference; lastKnownFileType = file.storyboard; name = Base; path = Base.lproj/LaunchScreen.storyboard; sourceTree = "<group>"; };
		C0FE53FB2285149400CFBC94 /* Info.plist */ = {isa = PBXFileReference; lastKnownFileType = text.plist.xml; path = Info.plist; sourceTree = "<group>"; };
		C0FE53FC2285149400CFBC94 /* main.m */ = {isa = PBXFileReference; lastKnownFileType = sourcecode.c.objc; path = main.m; sourceTree = "<group>"; };
		C0FE54022285149400CFBC94 /* AnimationTests.xctest */ = {isa = PBXFileReference; explicitFileType = wrapper.cfbundle; includeInIndex = 0; path = AnimationTests.xctest; sourceTree = BUILT_PRODUCTS_DIR; };
		C0FE54062285149400CFBC94 /* AnimationTests.m */ = {isa = PBXFileReference; lastKnownFileType = sourcecode.c.objc; path = AnimationTests.m; sourceTree = "<group>"; };
		C0FE54082285149400CFBC94 /* Info.plist */ = {isa = PBXFileReference; lastKnownFileType = text.plist.xml; path = Info.plist; sourceTree = "<group>"; };
		C0FE540D2285149400CFBC94 /* AnimationUITests.xctest */ = {isa = PBXFileReference; explicitFileType = wrapper.cfbundle; includeInIndex = 0; path = AnimationUITests.xctest; sourceTree = BUILT_PRODUCTS_DIR; };
		C0FE54112285149400CFBC94 /* AnimationUITests.m */ = {isa = PBXFileReference; lastKnownFileType = sourcecode.c.objc; path = AnimationUITests.m; sourceTree = "<group>"; };
		C0FE54132285149400CFBC94 /* Info.plist */ = {isa = PBXFileReference; lastKnownFileType = text.plist.xml; path = Info.plist; sourceTree = "<group>"; };
/* End PBXFileReference section */

/* Begin PBXFrameworksBuildPhase section */
		C0FE53E72285149300CFBC94 /* Frameworks */ = {
			isa = PBXFrameworksBuildPhase;
			buildActionMask = 2147483647;
			files = (
			);
			runOnlyForDeploymentPostprocessing = 0;
		};
		C0FE53FF2285149400CFBC94 /* Frameworks */ = {
			isa = PBXFrameworksBuildPhase;
			buildActionMask = 2147483647;
			files = (
			);
			runOnlyForDeploymentPostprocessing = 0;
		};
		C0FE540A2285149400CFBC94 /* Frameworks */ = {
			isa = PBXFrameworksBuildPhase;
			buildActionMask = 2147483647;
			files = (
			);
			runOnlyForDeploymentPostprocessing = 0;
		};
/* End PBXFrameworksBuildPhase section */

/* Begin PBXGroup section */
		C0FE53E12285149300CFBC94 = {
			isa = PBXGroup;
			children = (
				C0FE53EC2285149300CFBC94 /* Animation */,
				C0FE54052285149400CFBC94 /* AnimationTests */,
				C0FE54102285149400CFBC94 /* AnimationUITests */,
				C0FE53EB2285149300CFBC94 /* Products */,
			);
			sourceTree = "<group>";
		};
		C0FE53EB2285149300CFBC94 /* Products */ = {
			isa = PBXGroup;
			children = (
				C0FE53EA2285149300CFBC94 /* Animation.app */,
				C0FE54022285149400CFBC94 /* AnimationTests.xctest */,
				C0FE540D2285149400CFBC94 /* AnimationUITests.xctest */,
			);
			name = Products;
			sourceTree = "<group>";
		};
		C0FE53EC2285149300CFBC94 /* Animation */ = {
			isa = PBXGroup;
			children = (
				C0FE53ED2285149300CFBC94 /* AppDelegate.h */,
				C0FE53EE2285149300CFBC94 /* AppDelegate.m */,
				C0FE53F02285149300CFBC94 /* ViewController.h */,
				C0FE53F12285149300CFBC94 /* ViewController.m */,
				C0FE53F32285149300CFBC94 /* Main.storyboard */,
				C0FE53F62285149400CFBC94 /* Assets.xcassets */,
				C0FE53F82285149400CFBC94 /* LaunchScreen.storyboard */,
				C0FE53FB2285149400CFBC94 /* Info.plist */,
				C0FE53FC2285149400CFBC94 /* main.m */,
			);
			path = Animation;
			sourceTree = "<group>";
		};
		C0FE54052285149400CFBC94 /* AnimationTests */ = {
			isa = PBXGroup;
			children = (
				C0FE54062285149400CFBC94 /* AnimationTests.m */,
				C0FE54082285149400CFBC94 /* Info.plist */,
			);
			path = AnimationTests;
			sourceTree = "<group>";
		};
		C0FE54102285149400CFBC94 /* AnimationUITests */ = {
			isa = PBXGroup;
			children = (
				C0FE54112285149400CFBC94 /* AnimationUITests.m */,
				C0FE54132285149400CFBC94 /* Info.plist */,
			);
			path = AnimationUITests;
			sourceTree = "<group>";
		};
/* End PBXGroup section */

/* Begin PBXNativeTarget section */
		C0FE53E92285149300CFBC94 /* Animation */ = {
			isa = PBXNativeTarget;
			buildConfigurationList = C0FE54162285149400CFBC94 /* Build configuration list for PBXNativeTarget "Animation" */;
			buildPhases = (
				C0FE53E62285149300CFBC94 /* Sources */,
				C0FE53E72285149300CFBC94 /* Frameworks */,
				C0FE53E82285149300CFBC94 /* Resources */,
			);
			buildRules = (
			);
			dependencies = (
			);
			name = Animation;
			productName = Animation;
			productReference = C0FE53EA2285149300CFBC94 /* Animation.app */;
			productType = "com.apple.product-type.application";
		};
		C0FE54012285149400CFBC94 /* AnimationTests */ = {
			isa = PBXNativeTarget;
			buildConfigurationList = C0FE54192285149400CFBC94 /* Build configuration list for PBXNativeTarget "AnimationTests" */;
			buildPhases = (
				C0FE53FE2285149400CFBC94 /* Sources */,
				C0FE53FF2285149400CFBC94 /* Frameworks */,
				C0FE54002285149400CFBC94 /* Resources */,
			);
			buildRules = (
			);
			dependencies = (
				C0FE54042285149400CFBC94 /* PBXTargetDependency */,
			);
			name = AnimationTests;
			productName = AnimationTests;
			productReference = C0FE54022285149400CFBC94 /* AnimationTests.xctest */;
			productType = "com.apple.product-type.bundle.unit-test";
		};
		C0FE540C2285149400CFBC94 /* AnimationUITests */ = {
			isa = PBXNativeTarget;
			buildConfigurationList = C0FE541C2285149400CFBC94 /* Build configuration list for PBXNativeTarget "AnimationUITests" */;
			buildPhases = (
				C0FE54092285149400CFBC94 /* Sources */,
				C0FE540A2285149400CFBC94 /* Frameworks */,
				C0FE540B2285149400CFBC94 /* Resources */,
			);
			buildRules = (
			);
			dependencies = (
				C0FE540F2285149400CFBC94 /* PBXTargetDependency */,
			);
			name = AnimationUITests;
			productName = AnimationUITests;
			productReference = C0FE540D2285149400CFBC94 /* AnimationUITests.xctest */;
			productType = "com.apple.product-type.bundle.ui-testing";
		};
/* End PBXNativeTarget section */

/* Begin PBXProject section */
		C0FE53E22285149300CFBC94 /* Project object */ = {
			isa = PBXProject;
			attributes = {
				LastUpgradeCheck = 1020;
				ORGANIZATIONNAME = CaoDong;
				TargetAttributes = {
					C0FE53E92285149300CFBC94 = {
						CreatedOnToolsVersion = 10.2.1;
					};
					C0FE54012285149400CFBC94 = {
						CreatedOnToolsVersion = 10.2.1;
						TestTargetID = C0FE53E92285149300CFBC94;
					};
					C0FE540C2285149400CFBC94 = {
						CreatedOnToolsVersion = 10.2.1;
						TestTargetID = C0FE53E92285149300CFBC94;
					};
				};
			};
			buildConfigurationList = C0FE53E52285149300CFBC94 /* Build configuration list for PBXProject "Animation" */;
			compatibilityVersion = "Xcode 9.3";
			developmentRegion = en;
			hasScannedForEncodings = 0;
			knownRegions = (
				en,
				Base,
			);
			mainGroup = C0FE53E12285149300CFBC94;
			productRefGroup = C0FE53EB2285149300CFBC94 /* Products */;
			projectDirPath = "";
			projectRoot = "";
			targets = (
				C0FE53E92285149300CFBC94 /* Animation */,
				C0FE54012285149400CFBC94 /* AnimationTests */,
				C0FE540C2285149400CFBC94 /* AnimationUITests */,
			);
		};
/* End PBXProject section */

/* Begin PBXResourcesBuildPhase section */
		C0FE53E82285149300CFBC94 /* Resources */ = {
			isa = PBXResourcesBuildPhase;
			buildActionMask = 2147483647;
			files = (
				C0FE53FA2285149400CFBC94 /* LaunchScreen.storyboard in Resources */,
				C0FE53F72285149400CFBC94 /* Assets.xcassets in Resources */,
				C0FE53F52285149300CFBC94 /* Main.storyboard in Resources */,
			);
			runOnlyForDeploymentPostprocessing = 0;
		};
		C0FE54002285149400CFBC94 /* Resources */ = {
			isa = PBXResourcesBuildPhase;
			buildActionMask = 2147483647;
			files = (
			);
			runOnlyForDeploymentPostprocessing = 0;
		};
		C0FE540B2285149400CFBC94 /* Resources */ = {
			isa = PBXResourcesBuildPhase;
			buildActionMask = 2147483647;
			files = (
			);
			runOnlyForDeploymentPostprocessing = 0;
		};
/* End PBXResourcesBuildPhase section */

/* Begin PBXSourcesBuildPhase section */
		C0FE53E62285149300CFBC94 /* Sources */ = {
			isa = PBXSourcesBuildPhase;
			buildActionMask = 2147483647;
			files = (
				C0FE53F22285149300CFBC94 /* ViewController.m in Sources */,
				C0FE53FD2285149400CFBC94 /* main.m in Sources */,
				C0FE53EF2285149300CFBC94 /* AppDelegate.m in Sources */,
			);
			runOnlyForDeploymentPostprocessing = 0;
		};
		C0FE53FE2285149400CFBC94 /* Sources */ = {
			isa = PBXSourcesBuildPhase;
			buildActionMask = 2147483647;
			files = (
				C0FE54072285149400CFBC94 /* AnimationTests.m in Sources */,
			);
			runOnlyForDeploymentPostprocessing = 0;
		};
		C0FE54092285149400CFBC94 /* Sources */ = {
			isa = PBXSourcesBuildPhase;
			buildActionMask = 2147483647;
			files = (
				C0FE54122285149400CFBC94 /* AnimationUITests.m in Sources */,
			);
			runOnlyForDeploymentPostprocessing = 0;
		};
/* End PBXSourcesBuildPhase section */

/* Begin PBXTargetDependency section */
		C0FE54042285149400CFBC94 /* PBXTargetDependency */ = {
			isa = PBXTargetDependency;
			target = C0FE53E92285149300CFBC94 /* Animation */;
			targetProxy = C0FE54032285149400CFBC94 /* PBXContainerItemProxy */;
		};
		C0FE540F2285149400CFBC94 /* PBXTargetDependency */ = {
			isa = PBXTargetDependency;
			target = C0FE53E92285149300CFBC94 /* Animation */;
			targetProxy = C0FE540E2285149400CFBC94 /* PBXContainerItemProxy */;
		};
/* End PBXTargetDependency section */

/* Begin PBXVariantGroup section */
		C0FE53F32285149300CFBC94 /* Main.storyboard */ = {
			isa = PBXVariantGroup;
			children = (
				C0FE53F42285149300CFBC94 /* Base */,
			);
			name = Main.storyboard;
			sourceTree = "<group>";
		};
		C0FE53F82285149400CFBC94 /* LaunchScreen.storyboard */ = {
			isa = PBXVariantGroup;
			children = (
				C0FE53F92285149400CFBC94 /* Base */,
			);
			name = LaunchScreen.storyboard;
			sourceTree = "<group>";
		};
/* End PBXVariantGroup section */

/* Begin XCBuildConfiguration section */
		C0FE54142285149400CFBC94 /* Debug */ = {
			isa = XCBuildConfiguration;
			buildSettings = {
				ALWAYS_SEARCH_USER_PATHS = NO;
				CLANG_ANALYZER_NONNULL = YES;
				CLANG_ANALYZER_NUMBER_OBJECT_CONVERSION = YES_AGGRESSIVE;
				CLANG_CXX_LANGUAGE_STANDARD = "gnu++14";
				CLANG_CXX_LIBRARY = "libc++";
				CLANG_ENABLE_MODULES = YES;
				CLANG_ENABLE_OBJC_ARC = YES;
				CLANG_ENABLE_OBJC_WEAK = YES;
				CLANG_WARN_BLOCK_CAPTURE_AUTORELEASING = YES;
				CLANG_WARN_BOOL_CONVERSION = YES;
				CLANG_WARN_COMMA = YES;
				CLANG_WARN_CONSTANT_CONVERSION = YES;
				CLANG_WARN_DEPRECATED_OBJC_IMPLEMENTATIONS = YES;
				CLANG_WARN_DIRECT_OBJC_ISA_USAGE = YES_ERROR;
				CLANG_WARN_DOCUMENTATION_COMMENTS = YES;
				CLANG_WARN_EMPTY_BODY = YES;
				CLANG_WARN_ENUM_CONVERSION = YES;
				CLANG_WARN_INFINITE_RECURSION = YES;
				CLANG_WARN_INT_CONVERSION = YES;
				CLANG_WARN_NON_LITERAL_NULL_CONVERSION = YES;
				CLANG_WARN_OBJC_IMPLICIT_RETAIN_SELF = YES;
				CLANG_WARN_OBJC_LITERAL_CONVERSION = YES;
				CLANG_WARN_OBJC_ROOT_CLASS = YES_ERROR;
				CLANG_WARN_RANGE_LOOP_ANALYSIS = YES;
				CLANG_WARN_STRICT_PROTOTYPES = YES;
				CLANG_WARN_SUSPICIOUS_MOVE = YES;
				CLANG_WARN_UNGUARDED_AVAILABILITY = YES_AGGRESSIVE;
				CLANG_WARN_UNREACHABLE_CODE = YES;
				CLANG_WARN__DUPLICATE_METHOD_MATCH = YES;
				CODE_SIGN_IDENTITY = "iPhone Developer";
				COPY_PHASE_STRIP = NO;
				DEBUG_INFORMATION_FORMAT = dwarf;
				ENABLE_STRICT_OBJC_MSGSEND = YES;
				ENABLE_TESTABILITY = YES;
				GCC_C_LANGUAGE_STANDARD = gnu11;
				GCC_DYNAMIC_NO_PIC = NO;
				GCC_NO_COMMON_BLOCKS = YES;
				GCC_OPTIMIZATION_LEVEL = 0;
				GCC_PREPROCESSOR_DEFINITIONS = (
					"DEBUG=1",
					"$(inherited)",
				);
				GCC_WARN_64_TO_32_BIT_CONVERSION = YES;
				GCC_WARN_ABOUT_RETURN_TYPE = YES_ERROR;
				GCC_WARN_UNDECLARED_SELECTOR = YES;
				GCC_WARN_UNINITIALIZED_AUTOS = YES_AGGRESSIVE;
				GCC_WARN_UNUSED_FUNCTION = YES;
				GCC_WARN_UNUSED_VARIABLE = YES;
				IPHONEOS_DEPLOYMENT_TARGET = 12.2;
				MTL_ENABLE_DEBUG_INFO = INCLUDE_SOURCE;
				MTL_FAST_MATH = YES;
				ONLY_ACTIVE_ARCH = YES;
				SDKROOT = iphoneos;
			};
			name = Debug;
		};
		C0FE54152285149400CFBC94 /* Release */ = {
			isa = XCBuildConfiguration;
			buildSettings = {
				ALWAYS_SEARCH_USER_PATHS = NO;
				CLANG_ANALYZER_NONNULL = YES;
				CLANG_ANALYZER_NUMBER_OBJECT_CONVERSION = YES_AGGRESSIVE;
				CLANG_CXX_LANGUAGE_STANDARD = "gnu++14";
				CLANG_CXX_LIBRARY = "libc++";
				CLANG_ENABLE_MODULES = YES;
				CLANG_ENABLE_OBJC_ARC = YES;
				CLANG_ENABLE_OBJC_WEAK = YES;
				CLANG_WARN_BLOCK_CAPTURE_AUTORELEASING = YES;
				CLANG_WARN_BOOL_CONVERSION = YES;
				CLANG_WARN_COMMA = YES;
				CLANG_WARN_CONSTANT_CONVERSION = YES;
				CLANG_WARN_DEPRECATED_OBJC_IMPLEMENTATIONS = YES;
				CLANG_WARN_DIRECT_OBJC_ISA_USAGE = YES_ERROR;
				CLANG_WARN_DOCUMENTATION_COMMENTS = YES;
				CLANG_WARN_EMPTY_BODY = YES;
				CLANG_WARN_ENUM_CONVERSION = YES;
				CLANG_WARN_INFINITE_RECURSION = YES;
				CLANG_WARN_INT_CONVERSION = YES;
				CLANG_WARN_NON_LITERAL_NULL_CONVERSION = YES;
				CLANG_WARN_OBJC_IMPLICIT_RETAIN_SELF = YES;
				CLANG_WARN_OBJC_LITERAL_CONVERSION = YES;
				CLANG_WARN_OBJC_ROOT_CLASS = YES_ERROR;
				CLANG_WARN_RANGE_LOOP_ANALYSIS = YES;
				CLANG_WARN_STRICT_PROTOTYPES = YES;
				CLANG_WARN_SUSPICIOUS_MOVE = YES;
				CLANG_WARN_UNGUARDED_AVAILABILITY = YES_AGGRESSIVE;
				CLANG_WARN_UNREACHABLE_CODE = YES;
				CLANG_WARN__DUPLICATE_METHOD_MATCH = YES;
				CODE_SIGN_IDENTITY = "iPhone Developer";
				COPY_PHASE_STRIP = NO;
				DEBUG_INFORMATION_FORMAT = "dwarf-with-dsym";
				ENABLE_NS_ASSERTIONS = NO;
				ENABLE_STRICT_OBJC_MSGSEND = YES;
				GCC_C_LANGUAGE_STANDARD = gnu11;
				GCC_NO_COMMON_BLOCKS = YES;
				GCC_WARN_64_TO_32_BIT_CONVERSION = YES;
				GCC_WARN_ABOUT_RETURN_TYPE = YES_ERROR;
				GCC_WARN_UNDECLARED_SELECTOR = YES;
				GCC_WARN_UNINITIALIZED_AUTOS = YES_AGGRESSIVE;
				GCC_WARN_UNUSED_FUNCTION = YES;
				GCC_WARN_UNUSED_VARIABLE = YES;
				IPHONEOS_DEPLOYMENT_TARGET = 12.2;
				MTL_ENABLE_DEBUG_INFO = NO;
				MTL_FAST_MATH = YES;
				SDKROOT = iphoneos;
				VALIDATE_PRODUCT = YES;
			};
			name = Release;
		};
		C0FE54172285149400CFBC94 /* Debug */ = {
			isa = XCBuildConfiguration;
			buildSettings = {
				ASSETCATALOG_COMPILER_APPICON_NAME = AppIcon;
				CODE_SIGN_STYLE = Automatic;
				DEVELOPMENT_TEAM = 5HYUBP6TBL;
				INFOPLIST_FILE = Animation/Info.plist;
				LD_RUNPATH_SEARCH_PATHS = (
					"$(inherited)",
					"@executable_path/Frameworks",
				);
				PRODUCT_BUNDLE_IDENTIFIER = me.caodong.Animation;
				PRODUCT_NAME = "$(TARGET_NAME)";
				TARGETED_DEVICE_FAMILY = "1,2";
			};
			name = Debug;
		};
		C0FE54182285149400CFBC94 /* Release */ = {
			isa = XCBuildConfiguration;
			buildSettings = {
				ASSETCATALOG_COMPILER_APPICON_NAME = AppIcon;
				CODE_SIGN_STYLE = Automatic;
				DEVELOPMENT_TEAM = 5HYUBP6TBL;
				INFOPLIST_FILE = Animation/Info.plist;
				LD_RUNPATH_SEARCH_PATHS = (
					"$(inherited)",
					"@executable_path/Frameworks",
				);
				PRODUCT_BUNDLE_IDENTIFIER = me.caodong.Animation;
				PRODUCT_NAME = "$(TARGET_NAME)";
				TARGETED_DEVICE_FAMILY = "1,2";
			};
			name = Release;
		};
		C0FE541A2285149400CFBC94 /* Debug */ = {
			isa = XCBuildConfiguration;
			buildSettings = {
				BUNDLE_LOADER = "$(TEST_HOST)";
				CODE_SIGN_STYLE = Automatic;
				DEVELOPMENT_TEAM = 5HYUBP6TBL;
				INFOPLIST_FILE = AnimationTests/Info.plist;
				LD_RUNPATH_SEARCH_PATHS = (
					"$(inherited)",
					"@executable_path/Frameworks",
					"@loader_path/Frameworks",
				);
				PRODUCT_BUNDLE_IDENTIFIER = me.caodong.AnimationTests;
				PRODUCT_NAME = "$(TARGET_NAME)";
				TARGETED_DEVICE_FAMILY = "1,2";
				TEST_HOST = "$(BUILT_PRODUCTS_DIR)/Animation.app/Animation";
			};
			name = Debug;
		};
		C0FE541B2285149400CFBC94 /* Release */ = {
			isa = XCBuildConfiguration;
			buildSettings = {
				BUNDLE_LOADER = "$(TEST_HOST)";
				CODE_SIGN_STYLE = Automatic;
				DEVELOPMENT_TEAM = 5HYUBP6TBL;
				INFOPLIST_FILE = AnimationTests/Info.plist;
				LD_RUNPATH_SEARCH_PATHS = (
					"$(inherited)",
					"@executable_path/Frameworks",
					"@loader_path/Frameworks",
				);
				PRODUCT_BUNDLE_IDENTIFIER = me.caodong.AnimationTests;
				PRODUCT_NAME = "$(TARGET_NAME)";
				TARGETED_DEVICE_FAMILY = "1,2";
				TEST_HOST = "$(BUILT_PRODUCTS_DIR)/Animation.app/Animation";
			};
			name = Release;
		};
		C0FE541D2285149400CFBC94 /* Debug */ = {
			isa = XCBuildConfiguration;
			buildSettings = {
				CODE_SIGN_STYLE = Automatic;
				DEVELOPMENT_TEAM = 5HYUBP6TBL;
				INFOPLIST_FILE = AnimationUITests/Info.plist;
				LD_RUNPATH_SEARCH_PATHS = (
					"$(inherited)",
					"@executable_path/Frameworks",
					"@loader_path/Frameworks",
				);
				PRODUCT_BUNDLE_IDENTIFIER = me.caodong.AnimationUITests;
				PRODUCT_NAME = "$(TARGET_NAME)";
				TARGETED_DEVICE_FAMILY = "1,2";
				TEST_TARGET_NAME = Animation;
			};
			name = Debug;
		};
		C0FE541E2285149400CFBC94 /* Release */ = {
			isa = XCBuildConfiguration;
			buildSettings = {
				CODE_SIGN_STYLE = Automatic;
				DEVELOPMENT_TEAM = 5HYUBP6TBL;
				INFOPLIST_FILE = AnimationUITests/Info.plist;
				LD_RUNPATH_SEARCH_PATHS = (
					"$(inherited)",
					"@executable_path/Frameworks",
					"@loader_path/Frameworks",
				);
				PRODUCT_BUNDLE_IDENTIFIER = me.caodong.AnimationUITests;
				PRODUCT_NAME = "$(TARGET_NAME)";
				TARGETED_DEVICE_FAMILY = "1,2";
				TEST_TARGET_NAME = Animation;
			};
			name = Release;
		};
/* End XCBuildConfiguration section */

/* Begin XCConfigurationList section */
		C0FE53E52285149300CFBC94 /* Build configuration list for PBXProject "Animation" */ = {
			isa = XCConfigurationList;
			buildConfigurations = (
				C0FE54142285149400CFBC94 /* Debug */,
				C0FE54152285149400CFBC94 /* Release */,
			);
			defaultConfigurationIsVisible = 0;
			defaultConfigurationName = Release;
		};
		C0FE54162285149400CFBC94 /* Build configuration list for PBXNativeTarget "Animation" */ = {
			isa = XCConfigurationList;
			buildConfigurations = (
				C0FE54172285149400CFBC94 /* Debug */,
				C0FE54182285149400CFBC94 /* Release */,
			);
			defaultConfigurationIsVisible = 0;
			defaultConfigurationName = Release;
		};
		C0FE54192285149400CFBC94 /* Build configuration list for PBXNativeTarget "AnimationTests" */ = {
			isa = XCConfigurationList;
			buildConfigurations = (
				C0FE541A2285149400CFBC94 /* Debug */,
				C0FE541B2285149400CFBC94 /* Release */,
			);
			defaultConfigurationIsVisible = 0;
			defaultConfigurationName = Release;
		};
		C0FE541C2285149400CFBC94 /* Build configuration list for PBXNativeTarget "AnimationUITests" */ = {
			isa = XCConfigurationList;
			buildConfigurations = (
				C0FE541D2285149400CFBC94 /* Debug */,
				C0FE541E2285149400CFBC94 /* Release */,
			);
			defaultConfigurationIsVisible = 0;
			defaultConfigurationName = Release;
		};
/* End XCConfigurationList section */
	};
	rootObject = C0FE53E22285149300CFBC94 /* Project object */;
}
